// !$*UTF8*$!
{
	archiveVersion = 1;
	classes = {
	};
	objectVersion = 46;
	objects = {

/* Begin PBXBuildFile section */
		295C2269AC646FFDE65314D6 /* Pods_DCgram.framework in Frameworks */ = {isa = PBXBuildFile; fileRef = EEBD2D4704D31944DD4262A5 /* Pods_DCgram.framework */; };
		6A0FC28F1DF1A83B001E9A50 /* Business.swift in Sources */ = {isa = PBXBuildFile; fileRef = 6A0FC2841DEEF378001E9A50 /* Business.swift */; };
		6A0FC2901DF1A840001E9A50 /* APIProtocol.swift in Sources */ = {isa = PBXBuildFile; fileRef = 6AF276481DED91B000C86CA7 /* APIProtocol.swift */; };
		6A0FC2911DF1A843001E9A50 /* AuthenticationProtocol.swift in Sources */ = {isa = PBXBuildFile; fileRef = 6AF2764A1DED91F900C86CA7 /* AuthenticationProtocol.swift */; };
		6A0FC2921DF1A848001E9A50 /* AuthenticationService.swift in Sources */ = {isa = PBXBuildFile; fileRef = 6A0FC2821DEEF300001E9A50 /* AuthenticationService.swift */; };
		6A10C1D81DEDAE2F001A3BE2 /* SignInVC.swift in Sources */ = {isa = PBXBuildFile; fileRef = 6A10C1D71DEDAE2F001A3BE2 /* SignInVC.swift */; };
		6A10C1DA1DEDAE4A001A3BE2 /* SignInVM.swift in Sources */ = {isa = PBXBuildFile; fileRef = 6A10C1D91DEDAE4A001A3BE2 /* SignInVM.swift */; };
		6A10C1DC1DEDAE62001A3BE2 /* SignInVMProtocol.swift in Sources */ = {isa = PBXBuildFile; fileRef = 6A10C1DB1DEDAE62001A3BE2 /* SignInVMProtocol.swift */; };
		6A10C1DE1DEDAE72001A3BE2 /* SignInView.swift in Sources */ = {isa = PBXBuildFile; fileRef = 6A10C1DD1DEDAE72001A3BE2 /* SignInView.swift */; };
		6A1471861DEC8EDF00638234 /* GoogleService-Info.plist in Resources */ = {isa = PBXBuildFile; fileRef = 6A1471851DEC8EDF00638234 /* GoogleService-Info.plist */; };
		6A26471C1DE7295A005801A7 /* RootCoordinator.swift in Sources */ = {isa = PBXBuildFile; fileRef = 6A26471B1DE7295A005801A7 /* RootCoordinator.swift */; };
		6A26471F1DE72CF2005801A7 /* Coordinator.swift in Sources */ = {isa = PBXBuildFile; fileRef = 6A26471E1DE72CF2005801A7 /* Coordinator.swift */; };
		6A2F78901DF1B7B9003A738E /* FirebaseConnector.swift in Sources */ = {isa = PBXBuildFile; fileRef = 6A0FC2881DEEF691001E9A50 /* FirebaseConnector.swift */; };
		6A9AB22B1E1D3F59005CB11D /* Application.swift in Sources */ = {isa = PBXBuildFile; fileRef = 6A9AB22A1E1D3F59005CB11D /* Application.swift */; };
		6AF841391DE73BDB0075C6DB /* AuthenticatedCoordinator.swift in Sources */ = {isa = PBXBuildFile; fileRef = 6AF841381DE73BDB0075C6DB /* AuthenticatedCoordinator.swift */; };
		6AF8413B1DE73C030075C6DB /* NotAuthenticatedCoordinator.swift in Sources */ = {isa = PBXBuildFile; fileRef = 6AF8413A1DE73C030075C6DB /* NotAuthenticatedCoordinator.swift */; };
		7D86CEFE1DE5CD930089CB20 /* AppDelegate.swift in Sources */ = {isa = PBXBuildFile; fileRef = 7D86CEFD1DE5CD930089CB20 /* AppDelegate.swift */; };
		7D86CF051DE5CD930089CB20 /* Assets.xcassets in Resources */ = {isa = PBXBuildFile; fileRef = 7D86CF041DE5CD930089CB20 /* Assets.xcassets */; };
		7D86CF081DE5CD930089CB20 /* LaunchScreen.storyboard in Resources */ = {isa = PBXBuildFile; fileRef = 7D86CF061DE5CD930089CB20 /* LaunchScreen.storyboard */; };
/* End PBXBuildFile section */

/* Begin PBXCopyFilesBuildPhase section */
		6AF8414F1DEC662E0075C6DB /* Embed Frameworks */ = {
			isa = PBXCopyFilesBuildPhase;
			buildActionMask = 2147483647;
			dstPath = "";
			dstSubfolderSpec = 10;
			files = (
			);
			name = "Embed Frameworks";
			runOnlyForDeploymentPostprocessing = 0;
		};
/* End PBXCopyFilesBuildPhase section */

/* Begin PBXFileReference section */
		00A71CEE6FD103FBF8973575 /* Pods-DCgram.debug.xcconfig */ = {isa = PBXFileReference; includeInIndex = 1; lastKnownFileType = text.xcconfig; name = "Pods-DCgram.debug.xcconfig"; path = "Pods/Target Support Files/Pods-DCgram/Pods-DCgram.debug.xcconfig"; sourceTree = "<group>"; };
		0E30D5559459CE6FBD3E6C84 /* Pods_APIConnector.framework */ = {isa = PBXFileReference; explicitFileType = wrapper.framework; includeInIndex = 0; path = Pods_APIConnector.framework; sourceTree = BUILT_PRODUCTS_DIR; };
		4129C0411893892489EFCD02 /* Pods_BusinessLayer.framework */ = {isa = PBXFileReference; explicitFileType = wrapper.framework; includeInIndex = 0; path = Pods_BusinessLayer.framework; sourceTree = BUILT_PRODUCTS_DIR; };
		6A0FC2821DEEF300001E9A50 /* AuthenticationService.swift */ = {isa = PBXFileReference; fileEncoding = 4; lastKnownFileType = sourcecode.swift; path = AuthenticationService.swift; sourceTree = "<group>"; };
		6A0FC2841DEEF378001E9A50 /* Business.swift */ = {isa = PBXFileReference; fileEncoding = 4; lastKnownFileType = sourcecode.swift; path = Business.swift; sourceTree = "<group>"; };
		6A0FC2881DEEF691001E9A50 /* FirebaseConnector.swift */ = {isa = PBXFileReference; fileEncoding = 4; lastKnownFileType = sourcecode.swift; path = FirebaseConnector.swift; sourceTree = "<group>"; };
		6A10C1D01DEDABA7001A3BE2 /* DCgram-Bridging-Header.h */ = {isa = PBXFileReference; lastKnownFileType = sourcecode.c.h; path = "DCgram-Bridging-Header.h"; sourceTree = "<group>"; };
		6A10C1D71DEDAE2F001A3BE2 /* SignInVC.swift */ = {isa = PBXFileReference; fileEncoding = 4; lastKnownFileType = sourcecode.swift; path = SignInVC.swift; sourceTree = "<group>"; };
		6A10C1D91DEDAE4A001A3BE2 /* SignInVM.swift */ = {isa = PBXFileReference; fileEncoding = 4; lastKnownFileType = sourcecode.swift; path = SignInVM.swift; sourceTree = "<group>"; };
		6A10C1DB1DEDAE62001A3BE2 /* SignInVMProtocol.swift */ = {isa = PBXFileReference; fileEncoding = 4; lastKnownFileType = sourcecode.swift; path = SignInVMProtocol.swift; sourceTree = "<group>"; };
		6A10C1DD1DEDAE72001A3BE2 /* SignInView.swift */ = {isa = PBXFileReference; fileEncoding = 4; lastKnownFileType = sourcecode.swift; path = SignInView.swift; sourceTree = "<group>"; };
		6A1471851DEC8EDF00638234 /* GoogleService-Info.plist */ = {isa = PBXFileReference; fileEncoding = 4; lastKnownFileType = text.plist.xml; path = "GoogleService-Info.plist"; sourceTree = "<group>"; };
		6A26471B1DE7295A005801A7 /* RootCoordinator.swift */ = {isa = PBXFileReference; fileEncoding = 4; lastKnownFileType = sourcecode.swift; path = RootCoordinator.swift; sourceTree = "<group>"; };
		6A26471E1DE72CF2005801A7 /* Coordinator.swift */ = {isa = PBXFileReference; fileEncoding = 4; lastKnownFileType = sourcecode.swift; path = Coordinator.swift; sourceTree = "<group>"; };
		6A9AB22A1E1D3F59005CB11D /* Application.swift */ = {isa = PBXFileReference; fileEncoding = 4; lastKnownFileType = sourcecode.swift; path = Application.swift; sourceTree = "<group>"; };
		6AF276481DED91B000C86CA7 /* APIProtocol.swift */ = {isa = PBXFileReference; fileEncoding = 4; lastKnownFileType = sourcecode.swift; path = APIProtocol.swift; sourceTree = "<group>"; };
		6AF2764A1DED91F900C86CA7 /* AuthenticationProtocol.swift */ = {isa = PBXFileReference; fileEncoding = 4; lastKnownFileType = sourcecode.swift; path = AuthenticationProtocol.swift; sourceTree = "<group>"; };
		6AF841381DE73BDB0075C6DB /* AuthenticatedCoordinator.swift */ = {isa = PBXFileReference; fileEncoding = 4; lastKnownFileType = sourcecode.swift; path = AuthenticatedCoordinator.swift; sourceTree = "<group>"; };
		6AF8413A1DE73C030075C6DB /* NotAuthenticatedCoordinator.swift */ = {isa = PBXFileReference; fileEncoding = 4; lastKnownFileType = sourcecode.swift; path = NotAuthenticatedCoordinator.swift; sourceTree = "<group>"; };
		6F5105B506AEFDC165168FF4 /* Pods-DCgram.release.xcconfig */ = {isa = PBXFileReference; includeInIndex = 1; lastKnownFileType = text.xcconfig; name = "Pods-DCgram.release.xcconfig"; path = "Pods/Target Support Files/Pods-DCgram/Pods-DCgram.release.xcconfig"; sourceTree = "<group>"; };
		7D86CEFA1DE5CD930089CB20 /* DCgram.app */ = {isa = PBXFileReference; explicitFileType = wrapper.application; includeInIndex = 0; path = DCgram.app; sourceTree = BUILT_PRODUCTS_DIR; };
		7D86CEFD1DE5CD930089CB20 /* AppDelegate.swift */ = {isa = PBXFileReference; lastKnownFileType = sourcecode.swift; path = AppDelegate.swift; sourceTree = "<group>"; };
		7D86CF041DE5CD930089CB20 /* Assets.xcassets */ = {isa = PBXFileReference; lastKnownFileType = folder.assetcatalog; path = Assets.xcassets; sourceTree = "<group>"; };
		7D86CF071DE5CD930089CB20 /* Base */ = {isa = PBXFileReference; lastKnownFileType = file.storyboard; name = Base; path = Base.lproj/LaunchScreen.storyboard; sourceTree = "<group>"; };
		7D86CF091DE5CD930089CB20 /* Info.plist */ = {isa = PBXFileReference; lastKnownFileType = text.plist.xml; path = Info.plist; sourceTree = "<group>"; };
		903839FE59AE1550461B71F9 /* Pods-APIConnector.debug.xcconfig */ = {isa = PBXFileReference; includeInIndex = 1; lastKnownFileType = text.xcconfig; name = "Pods-APIConnector.debug.xcconfig"; path = "Pods/Target Support Files/Pods-APIConnector/Pods-APIConnector.debug.xcconfig"; sourceTree = "<group>"; };
		C120AADFC9CAC2966D037201 /* Pods-APIConnector.release.xcconfig */ = {isa = PBXFileReference; includeInIndex = 1; lastKnownFileType = text.xcconfig; name = "Pods-APIConnector.release.xcconfig"; path = "Pods/Target Support Files/Pods-APIConnector/Pods-APIConnector.release.xcconfig"; sourceTree = "<group>"; };
		EEBD2D4704D31944DD4262A5 /* Pods_DCgram.framework */ = {isa = PBXFileReference; explicitFileType = wrapper.framework; includeInIndex = 0; path = Pods_DCgram.framework; sourceTree = BUILT_PRODUCTS_DIR; };
/* End PBXFileReference section */

/* Begin PBXFrameworksBuildPhase section */
		7D86CEF71DE5CD930089CB20 /* Frameworks */ = {
			isa = PBXFrameworksBuildPhase;
			buildActionMask = 2147483647;
			files = (
				295C2269AC646FFDE65314D6 /* Pods_DCgram.framework in Frameworks */,
			);
			runOnlyForDeploymentPostprocessing = 0;
		};
/* End PBXFrameworksBuildPhase section */

/* Begin PBXGroup section */
		3F2CDA3A915D64D1FF38F287 /* Frameworks */ = {
			isa = PBXGroup;
			children = (
				0E30D5559459CE6FBD3E6C84 /* Pods_APIConnector.framework */,
				EEBD2D4704D31944DD4262A5 /* Pods_DCgram.framework */,
				4129C0411893892489EFCD02 /* Pods_BusinessLayer.framework */,
			);
			name = Frameworks;
			sourceTree = "<group>";
		};
		6A10C1D61DEDAE08001A3BE2 /* SignIn */ = {
			isa = PBXGroup;
			children = (
				6A10C1D71DEDAE2F001A3BE2 /* SignInVC.swift */,
				6A10C1D91DEDAE4A001A3BE2 /* SignInVM.swift */,
				6A10C1DB1DEDAE62001A3BE2 /* SignInVMProtocol.swift */,
				6A10C1DD1DEDAE72001A3BE2 /* SignInView.swift */,
			);
			path = SignIn;
			sourceTree = "<group>";
		};
		6A26471A1DE72940005801A7 /* Root */ = {
			isa = PBXGroup;
			children = (
				6A26471B1DE7295A005801A7 /* RootCoordinator.swift */,
			);
			path = Root;
			sourceTree = "<group>";
		};
		6A26471D1DE72CD6005801A7 /* Coordinator */ = {
			isa = PBXGroup;
			children = (
				6A26471E1DE72CF2005801A7 /* Coordinator.swift */,
			);
			path = Coordinator;
			sourceTree = "<group>";
		};
		6AF2763C1DED916A00C86CA7 /* BusinessLayer */ = {
			isa = PBXGroup;
			children = (
				6AF2764C1DED926500C86CA7 /* Services */,
				6AF276471DED917A00C86CA7 /* APIProtocols */,
				6A0FC2841DEEF378001E9A50 /* Business.swift */,
				6A9AB22A1E1D3F59005CB11D /* Application.swift */,
			);
			path = BusinessLayer;
			sourceTree = "<group>";
		};
		6AF276471DED917A00C86CA7 /* APIProtocols */ = {
			isa = PBXGroup;
			children = (
				6AF276481DED91B000C86CA7 /* APIProtocol.swift */,
				6AF2764A1DED91F900C86CA7 /* AuthenticationProtocol.swift */,
			);
			path = APIProtocols;
			sourceTree = "<group>";
		};
		6AF2764C1DED926500C86CA7 /* Services */ = {
			isa = PBXGroup;
			children = (
				6A0FC2821DEEF300001E9A50 /* AuthenticationService.swift */,
			);
			path = Services;
			sourceTree = "<group>";
		};
		6AF841361DE73B870075C6DB /* Authenticated */ = {
			isa = PBXGroup;
			children = (
				6AF841381DE73BDB0075C6DB /* AuthenticatedCoordinator.swift */,
			);
			path = Authenticated;
			sourceTree = "<group>";
		};
		6AF841371DE73BA60075C6DB /* NotAuthenticated */ = {
			isa = PBXGroup;
			children = (
				6AF8413A1DE73C030075C6DB /* NotAuthenticatedCoordinator.swift */,
			);
			path = NotAuthenticated;
			sourceTree = "<group>";
		};
		6AF841441DEC662E0075C6DB /* APIConnector */ = {
			isa = PBXGroup;
			children = (
				6A0FC2881DEEF691001E9A50 /* FirebaseConnector.swift */,
			);
			path = APIConnector;
			sourceTree = "<group>";
		};
		7D86CEF11DE5CD930089CB20 = {
			isa = PBXGroup;
			children = (
				7D86CEFC1DE5CD930089CB20 /* DCgram */,
				6AF841441DEC662E0075C6DB /* APIConnector */,
				6AF2763C1DED916A00C86CA7 /* BusinessLayer */,
				7D86CEFB1DE5CD930089CB20 /* Products */,
				7F05A2FDFCDF082B30ADB8C9 /* Pods */,
				3F2CDA3A915D64D1FF38F287 /* Frameworks */,
			);
			sourceTree = "<group>";
		};
		7D86CEFB1DE5CD930089CB20 /* Products */ = {
			isa = PBXGroup;
			children = (
				7D86CEFA1DE5CD930089CB20 /* DCgram.app */,
			);
			name = Products;
			sourceTree = "<group>";
		};
		7D86CEFC1DE5CD930089CB20 /* DCgram */ = {
			isa = PBXGroup;
			children = (
				7D86CEFD1DE5CD930089CB20 /* AppDelegate.swift */,
				7D86CF041DE5CD930089CB20 /* Assets.xcassets */,
				6AF841361DE73B870075C6DB /* Authenticated */,
				6A26471D1DE72CD6005801A7 /* Coordinator */,
				6A10C1D01DEDABA7001A3BE2 /* DCgram-Bridging-Header.h */,
				6A1471851DEC8EDF00638234 /* GoogleService-Info.plist */,
				7D86CF091DE5CD930089CB20 /* Info.plist */,
				7D86CF061DE5CD930089CB20 /* LaunchScreen.storyboard */,
				6AF841371DE73BA60075C6DB /* NotAuthenticated */,
				6A26471A1DE72940005801A7 /* Root */,
				6A10C1D61DEDAE08001A3BE2 /* SignIn */,
			);
			path = DCgram;
			sourceTree = "<group>";
		};
		7F05A2FDFCDF082B30ADB8C9 /* Pods */ = {
			isa = PBXGroup;
			children = (
				903839FE59AE1550461B71F9 /* Pods-APIConnector.debug.xcconfig */,
				C120AADFC9CAC2966D037201 /* Pods-APIConnector.release.xcconfig */,
				00A71CEE6FD103FBF8973575 /* Pods-DCgram.debug.xcconfig */,
				6F5105B506AEFDC165168FF4 /* Pods-DCgram.release.xcconfig */,
			);
			name = Pods;
			sourceTree = "<group>";
		};
/* End PBXGroup section */

/* Begin PBXNativeTarget section */
		7D86CEF91DE5CD930089CB20 /* DCgram */ = {
			isa = PBXNativeTarget;
			buildConfigurationList = 7D86CF0C1DE5CD930089CB20 /* Build configuration list for PBXNativeTarget "DCgram" */;
			buildPhases = (
				E12C1DECDF7DA0275A294AA9 /* [CP] Check Pods Manifest.lock */,
				7D86CEF61DE5CD930089CB20 /* Sources */,
				7D86CEF71DE5CD930089CB20 /* Frameworks */,
				7D86CEF81DE5CD930089CB20 /* Resources */,
				6AF8414F1DEC662E0075C6DB /* Embed Frameworks */,
				73B2DA338433DC1D1A5B3294 /* [CP] Embed Pods Frameworks */,
				4FDD39B775827C4306900D52 /* [CP] Copy Pods Resources */,
			);
			buildRules = (
			);
			dependencies = (
			);
			name = DCgram;
			productName = DCgram;
			productReference = 7D86CEFA1DE5CD930089CB20 /* DCgram.app */;
			productType = "com.apple.product-type.application";
		};
/* End PBXNativeTarget section */

/* Begin PBXProject section */
		7D86CEF21DE5CD930089CB20 /* Project object */ = {
			isa = PBXProject;
			attributes = {
				LastSwiftUpdateCheck = 0810;
				LastUpgradeCheck = 0810;
				ORGANIZATIONNAME = "DECODE HQ";
				TargetAttributes = {
					7D86CEF91DE5CD930089CB20 = {
						CreatedOnToolsVersion = 8.1;
						DevelopmentTeam = Y8Z27FN9Z7;
						LastSwiftMigration = 0810;
						ProvisioningStyle = Automatic;
					};
				};
			};
			buildConfigurationList = 7D86CEF51DE5CD930089CB20 /* Build configuration list for PBXProject "DCgram" */;
			compatibilityVersion = "Xcode 3.2";
			developmentRegion = English;
			hasScannedForEncodings = 0;
			knownRegions = (
				en,
				Base,
			);
			mainGroup = 7D86CEF11DE5CD930089CB20;
			productRefGroup = 7D86CEFB1DE5CD930089CB20 /* Products */;
			projectDirPath = "";
			projectRoot = "";
			targets = (
				7D86CEF91DE5CD930089CB20 /* DCgram */,
			);
		};
/* End PBXProject section */

/* Begin PBXResourcesBuildPhase section */
		7D86CEF81DE5CD930089CB20 /* Resources */ = {
			isa = PBXResourcesBuildPhase;
			buildActionMask = 2147483647;
			files = (
				7D86CF081DE5CD930089CB20 /* LaunchScreen.storyboard in Resources */,
				7D86CF051DE5CD930089CB20 /* Assets.xcassets in Resources */,
				6A1471861DEC8EDF00638234 /* GoogleService-Info.plist in Resources */,
			);
			runOnlyForDeploymentPostprocessing = 0;
		};
/* End PBXResourcesBuildPhase section */

/* Begin PBXShellScriptBuildPhase section */
		4FDD39B775827C4306900D52 /* [CP] Copy Pods Resources */ = {
			isa = PBXShellScriptBuildPhase;
			buildActionMask = 2147483647;
			files = (
			);
			inputPaths = (
			);
			name = "[CP] Copy Pods Resources";
			outputPaths = (
			);
			runOnlyForDeploymentPostprocessing = 0;
			shellPath = /bin/sh;
			shellScript = "\"${SRCROOT}/Pods/Target Support Files/Pods-DCgram/Pods-DCgram-resources.sh\"\n";
			showEnvVarsInLog = 0;
		};
		73B2DA338433DC1D1A5B3294 /* [CP] Embed Pods Frameworks */ = {
			isa = PBXShellScriptBuildPhase;
			buildActionMask = 2147483647;
			files = (
			);
			inputPaths = (
			);
			name = "[CP] Embed Pods Frameworks";
			outputPaths = (
			);
			runOnlyForDeploymentPostprocessing = 0;
			shellPath = /bin/sh;
			shellScript = "\"${SRCROOT}/Pods/Target Support Files/Pods-DCgram/Pods-DCgram-frameworks.sh\"\n";
			showEnvVarsInLog = 0;
		};
		E12C1DECDF7DA0275A294AA9 /* [CP] Check Pods Manifest.lock */ = {
			isa = PBXShellScriptBuildPhase;
			buildActionMask = 2147483647;
			files = (
			);
			inputPaths = (
			);
			name = "[CP] Check Pods Manifest.lock";
			outputPaths = (
			);
			runOnlyForDeploymentPostprocessing = 0;
			shellPath = /bin/sh;
			shellScript = "diff \"${PODS_ROOT}/../Podfile.lock\" \"${PODS_ROOT}/Manifest.lock\" > /dev/null\nif [ $? != 0 ] ; then\n    # print error to STDERR\n    echo \"error: The sandbox is not in sync with the Podfile.lock. Run 'pod install' or update your CocoaPods installation.\" >&2\n    exit 1\nfi\n";
			showEnvVarsInLog = 0;
		};
/* End PBXShellScriptBuildPhase section */

/* Begin PBXSourcesBuildPhase section */
		7D86CEF61DE5CD930089CB20 /* Sources */ = {
			isa = PBXSourcesBuildPhase;
			buildActionMask = 2147483647;
			files = (
				6A9AB22B1E1D3F59005CB11D /* Application.swift in Sources */,
				6A2F78901DF1B7B9003A738E /* FirebaseConnector.swift in Sources */,
				6A10C1DE1DEDAE72001A3BE2 /* SignInView.swift in Sources */,
				6A0FC2911DF1A843001E9A50 /* AuthenticationProtocol.swift in Sources */,
				6AF841391DE73BDB0075C6DB /* AuthenticatedCoordinator.swift in Sources */,
				6A0FC2901DF1A840001E9A50 /* APIProtocol.swift in Sources */,
				6A26471F1DE72CF2005801A7 /* Coordinator.swift in Sources */,
				6A0FC28F1DF1A83B001E9A50 /* Business.swift in Sources */,
				6A10C1D81DEDAE2F001A3BE2 /* SignInVC.swift in Sources */,
				6A10C1DA1DEDAE4A001A3BE2 /* SignInVM.swift in Sources */,
				6A26471C1DE7295A005801A7 /* RootCoordinator.swift in Sources */,
				6AF8413B1DE73C030075C6DB /* NotAuthenticatedCoordinator.swift in Sources */,
				6A10C1DC1DEDAE62001A3BE2 /* SignInVMProtocol.swift in Sources */,
				6A0FC2921DF1A848001E9A50 /* AuthenticationService.swift in Sources */,
				7D86CEFE1DE5CD930089CB20 /* AppDelegate.swift in Sources */,
			);
			runOnlyForDeploymentPostprocessing = 0;
		};
/* End PBXSourcesBuildPhase section */

/* Begin PBXVariantGroup section */
		7D86CF061DE5CD930089CB20 /* LaunchScreen.storyboard */ = {
			isa = PBXVariantGroup;
			children = (
				7D86CF071DE5CD930089CB20 /* Base */,
			);
			name = LaunchScreen.storyboard;
			sourceTree = "<group>";
		};
/* End PBXVariantGroup section */

/* Begin XCBuildConfiguration section */
		7D86CF0A1DE5CD930089CB20 /* Debug */ = {
			isa = XCBuildConfiguration;
			buildSettings = {
				ALWAYS_EMBED_SWIFT_STANDARD_LIBRARIES = YES;
				ALWAYS_SEARCH_USER_PATHS = NO;
				CLANG_ANALYZER_NONNULL = YES;
				CLANG_CXX_LANGUAGE_STANDARD = "gnu++0x";
				CLANG_CXX_LIBRARY = "libc++";
				CLANG_ENABLE_MODULES = YES;
				CLANG_ENABLE_OBJC_ARC = YES;
				CLANG_WARN_BOOL_CONVERSION = YES;
				CLANG_WARN_CONSTANT_CONVERSION = YES;
				CLANG_WARN_DIRECT_OBJC_ISA_USAGE = YES_ERROR;
				CLANG_WARN_DOCUMENTATION_COMMENTS = YES;
				CLANG_WARN_EMPTY_BODY = YES;
				CLANG_WARN_ENUM_CONVERSION = YES;
				CLANG_WARN_INFINITE_RECURSION = YES;
				CLANG_WARN_INT_CONVERSION = YES;
				CLANG_WARN_OBJC_ROOT_CLASS = YES_ERROR;
				CLANG_WARN_SUSPICIOUS_MOVES = YES;
				CLANG_WARN_UNREACHABLE_CODE = YES;
				CLANG_WARN__DUPLICATE_METHOD_MATCH = YES;
				"CODE_SIGN_IDENTITY[sdk=iphoneos*]" = "iPhone Developer";
				COPY_PHASE_STRIP = NO;
				DEBUG_INFORMATION_FORMAT = dwarf;
				ENABLE_STRICT_OBJC_MSGSEND = YES;
				ENABLE_TESTABILITY = YES;
				GCC_C_LANGUAGE_STANDARD = gnu99;
				GCC_DYNAMIC_NO_PIC = NO;
				GCC_NO_COMMON_BLOCKS = YES;
				GCC_OPTIMIZATION_LEVEL = 0;
				GCC_PREPROCESSOR_DEFINITIONS = (
					"DEBUG=1",
					"$(inherited)",
				);
				GCC_WARN_64_TO_32_BIT_CONVERSION = YES;
				GCC_WARN_ABOUT_RETURN_TYPE = YES_ERROR;
				GCC_WARN_UNDECLARED_SELECTOR = YES;
				GCC_WARN_UNINITIALIZED_AUTOS = YES_AGGRESSIVE;
				GCC_WARN_UNUSED_FUNCTION = YES;
				GCC_WARN_UNUSED_VARIABLE = YES;
				IPHONEOS_DEPLOYMENT_TARGET = 10.0;
				MTL_ENABLE_DEBUG_INFO = YES;
				ONLY_ACTIVE_ARCH = YES;
				SDKROOT = iphoneos;
				SWIFT_ACTIVE_COMPILATION_CONDITIONS = DEBUG;
				SWIFT_OPTIMIZATION_LEVEL = "-Onone";
			};
			name = Debug;
		};
		7D86CF0B1DE5CD930089CB20 /* Release */ = {
			isa = XCBuildConfiguration;
			buildSettings = {
				ALWAYS_EMBED_SWIFT_STANDARD_LIBRARIES = YES;
				ALWAYS_SEARCH_USER_PATHS = NO;
				CLANG_ANALYZER_NONNULL = YES;
				CLANG_CXX_LANGUAGE_STANDARD = "gnu++0x";
				CLANG_CXX_LIBRARY = "libc++";
				CLANG_ENABLE_MODULES = YES;
				CLANG_ENABLE_OBJC_ARC = YES;
				CLANG_WARN_BOOL_CONVERSION = YES;
				CLANG_WARN_CONSTANT_CONVERSION = YES;
				CLANG_WARN_DIRECT_OBJC_ISA_USAGE = YES_ERROR;
				CLANG_WARN_DOCUMENTATION_COMMENTS = YES;
				CLANG_WARN_EMPTY_BODY = YES;
				CLANG_WARN_ENUM_CONVERSION = YES;
				CLANG_WARN_INFINITE_RECURSION = YES;
				CLANG_WARN_INT_CONVERSION = YES;
				CLANG_WARN_OBJC_ROOT_CLASS = YES_ERROR;
				CLANG_WARN_SUSPICIOUS_MOVES = YES;
				CLANG_WARN_UNREACHABLE_CODE = YES;
				CLANG_WARN__DUPLICATE_METHOD_MATCH = YES;
				"CODE_SIGN_IDENTITY[sdk=iphoneos*]" = "iPhone Developer";
				COPY_PHASE_STRIP = NO;
				DEBUG_INFORMATION_FORMAT = "dwarf-with-dsym";
				ENABLE_NS_ASSERTIONS = NO;
				ENABLE_STRICT_OBJC_MSGSEND = YES;
				GCC_C_LANGUAGE_STANDARD = gnu99;
				GCC_NO_COMMON_BLOCKS = YES;
				GCC_WARN_64_TO_32_BIT_CONVERSION = YES;
				GCC_WARN_ABOUT_RETURN_TYPE = YES_ERROR;
				GCC_WARN_UNDECLARED_SELECTOR = YES;
				GCC_WARN_UNINITIALIZED_AUTOS = YES_AGGRESSIVE;
				GCC_WARN_UNUSED_FUNCTION = YES;
				GCC_WARN_UNUSED_VARIABLE = YES;
				IPHONEOS_DEPLOYMENT_TARGET = 10.0;
				MTL_ENABLE_DEBUG_INFO = NO;
				SDKROOT = iphoneos;
				SWIFT_OPTIMIZATION_LEVEL = "-Owholemodule";
				VALIDATE_PRODUCT = YES;
			};
			name = Release;
		};
		7D86CF0D1DE5CD930089CB20 /* Debug */ = {
			isa = XCBuildConfiguration;
			baseConfigurationReference = 00A71CEE6FD103FBF8973575 /* Pods-DCgram.debug.xcconfig */;
			buildSettings = {
				ALWAYS_EMBED_SWIFT_STANDARD_LIBRARIES = "$(inherited)";
				ASSETCATALOG_COMPILER_APPICON_NAME = AppIcon;
				CLANG_ENABLE_MODULES = YES;
				DEVELOPMENT_TEAM = Y8Z27FN9Z7;
				INFOPLIST_FILE = DCgram/Info.plist;
				LD_RUNPATH_SEARCH_PATHS = "$(inherited) @executable_path/Frameworks";
				PRODUCT_BUNDLE_IDENTIFIER = agency.decode.DCgram;
				PRODUCT_NAME = "$(TARGET_NAME)";
				SWIFT_OBJC_BRIDGING_HEADER = "DCgram/DCgram-Bridging-Header.h";
				SWIFT_OPTIMIZATION_LEVEL = "-Onone";
				SWIFT_VERSION = 3.0;
			};
			name = Debug;
		};
		7D86CF0E1DE5CD930089CB20 /* Release */ = {
			isa = XCBuildConfiguration;
			baseConfigurationReference = 6F5105B506AEFDC165168FF4 /* Pods-DCgram.release.xcconfig */;
			buildSettings = {
				ALWAYS_EMBED_SWIFT_STANDARD_LIBRARIES = "$(inherited)";
				ASSETCATALOG_COMPILER_APPICON_NAME = AppIcon;
				CLANG_ENABLE_MODULES = YES;
				DEVELOPMENT_TEAM = Y8Z27FN9Z7;
				INFOPLIST_FILE = DCgram/Info.plist;
				LD_RUNPATH_SEARCH_PATHS = "$(inherited) @executable_path/Frameworks";
				PRODUCT_BUNDLE_IDENTIFIER = agency.decode.DCgram;
				PRODUCT_NAME = "$(TARGET_NAME)";
				SWIFT_OBJC_BRIDGING_HEADER = "DCgram/DCgram-Bridging-Header.h";
				SWIFT_VERSION = 3.0;
			};
			name = Release;
		};
/* End XCBuildConfiguration section */

/* Begin XCConfigurationList section */
		7D86CEF51DE5CD930089CB20 /* Build configuration list for PBXProject "DCgram" */ = {
			isa = XCConfigurationList;
			buildConfigurations = (
				7D86CF0A1DE5CD930089CB20 /* Debug */,
				7D86CF0B1DE5CD930089CB20 /* Release */,
			);
			defaultConfigurationIsVisible = 0;
			defaultConfigurationName = Release;
		};
		7D86CF0C1DE5CD930089CB20 /* Build configuration list for PBXNativeTarget "DCgram" */ = {
			isa = XCConfigurationList;
			buildConfigurations = (
				7D86CF0D1DE5CD930089CB20 /* Debug */,
				7D86CF0E1DE5CD930089CB20 /* Release */,
			);
			defaultConfigurationIsVisible = 0;
			defaultConfigurationName = Release;
		};
/* End XCConfigurationList section */
	};
	rootObject = 7D86CEF21DE5CD930089CB20 /* Project object */;
}
