PODS:
  - DCKit (0.3.0):
    - SnapKit
  - Firebase/Auth (3.9.0):
    - Firebase/Core
    - FirebaseAuth (= 3.0.6)
  - Firebase/Core (3.9.0):
    - FirebaseAnalytics (= 3.5.1)
    - FirebaseCore (= 3.4.4)
  - Firebase/Database (3.9.0):
    - Firebase/Core
    - FirebaseDatabase (= 3.1.0)
  - FirebaseAnalytics (3.5.1):
    - FirebaseCore (~> 3.4)
    - FirebaseInstanceID (~> 1.0)
    - GoogleInterchangeUtilities (~> 1.2)
    - GoogleSymbolUtilities (~> 1.1)
    - GoogleToolboxForMac/NSData+zlib (~> 2.1)
  - FirebaseAuth (3.0.6):
    - FirebaseAnalytics (~> 3.4)
    - GoogleToolboxForMac/NSDictionary+URLArguments (~> 2.1)
    - GTMSessionFetcher/Core (~> 1.1)
  - FirebaseCore (3.4.4):
    - GoogleInterchangeUtilities (~> 1.2)
    - GoogleToolboxForMac/NSData+zlib (~> 2.1)
  - FirebaseDatabase (3.1.0):
    - FirebaseAnalytics (~> 3.4)
  - FirebaseInstanceID (1.0.8)
  - Google/Core (3.0.3):
    - FirebaseAnalytics (~> 3.2)
  - Google/SignIn (3.0.3):
    - Google/Core
    - GoogleSignIn (~> 4.0)
  - GoogleAppUtilities (1.1.2):
    - GoogleSymbolUtilities (~> 1.1)
  - GoogleInterchangeUtilities (1.2.2):
    - GoogleSymbolUtilities (~> 1.1)
  - GoogleSignIn (4.0.1):
    - GoogleAppUtilities (~> 1.1)
    - GoogleToolboxForMac/NSDictionary+URLArguments (~> 2.1)
    - GTMOAuth2 (~> 1.0)
    - GTMSessionFetcher/Core (~> 1.1)
  - GoogleSymbolUtilities (1.1.2)
  - GoogleToolboxForMac/DebugUtils (2.1.0):
    - GoogleToolboxForMac/Defines (= 2.1.0)
  - GoogleToolboxForMac/Defines (2.1.0)
  - GoogleToolboxForMac/NSData+zlib (2.1.0):
    - GoogleToolboxForMac/Defines (= 2.1.0)
  - GoogleToolboxForMac/NSDictionary+URLArguments (2.1.0):
    - GoogleToolboxForMac/DebugUtils (= 2.1.0)
    - GoogleToolboxForMac/Defines (= 2.1.0)
    - GoogleToolboxForMac/NSString+URLArguments (= 2.1.0)
  - GoogleToolboxForMac/NSString+URLArguments (2.1.0)
  - GTMOAuth2 (1.1.4):
    - GTMSessionFetcher (~> 1.1)
  - GTMSessionFetcher (1.1.7):
    - GTMSessionFetcher/Full (= 1.1.7)
  - GTMSessionFetcher/Core (1.1.7)
  - GTMSessionFetcher/Full (1.1.7):
    - GTMSessionFetcher/Core (= 1.1.7)
  - SnapKit (3.0.2)

DEPENDENCIES:
  - DCKit (from `https://bitbucket.org/decodehq/dckit.git`, branch `swift-3.0`)
  - Firebase/Auth
  - Firebase/Core
  - Firebase/Database
  - Google/SignIn
  - SnapKit

EXTERNAL SOURCES:
  DCKit:
    :branch: swift-3.0
    :git: https://bitbucket.org/decodehq/dckit.git

CHECKOUT OPTIONS:
  DCKit:
    :commit: 7213bc7dc953b4a3c108320ce0dd9ea82942582f
    :git: https://bitbucket.org/decodehq/dckit.git

SPEC CHECKSUMS:
  DCKit: 19050fd64bc194e9fe7ad0685758ef97ec3bca06
  Firebase: ff77ffb77b317c3720fef57a60e9335cebf962e6
  FirebaseAnalytics: 6e58fc9b397664369ac7617fb0ba93fab6ba7b5b
  FirebaseAuth: 96e9674ff31d6e1f826d53e26aa003a57cab0295
  FirebaseCore: d0ed25f27b6f9158eccc439f1be6f92e81207e28
  FirebaseDatabase: 3ebb2edb6007c3f0f87b248f3fa212bde56a1468
  FirebaseInstanceID: ba1e640935235e5fac39dfa816fe7660e72e1a8a
  Google: 813c467362eabc11385f5a5cc9ad0cb651a58f4e
  GoogleAppUtilities: a8a552aa74f6597f805e45b5a3962766c3134973
  GoogleInterchangeUtilities: d5bc4d88d5b661ab72f9d70c58d02ca8c27ad1f7
  GoogleSignIn: a8694c0a8e6d1b0ec77c58014de5bfd4ba2fa766
  GoogleSymbolUtilities: 631ee17048aa5e9ab133470d768ea997a5ef9b96
  GoogleToolboxForMac: 2b2596cbb7186865e98cadf2b1e262d851c2b168
  GTMOAuth2: 7fc9c10f5c745f4d9850419ea88889fe3baa6b7d
  GTMSessionFetcher: a1f8ed39e4fe21c68957daed472c7afbcdf29166
  SnapKit: 2e456761aa92d4d4067a7a5594c18769d451a8ad

PODFILE CHECKSUM: f8e85b3b7393be6b678906bd037e2e284c65c68b

COCOAPODS: 1.1.1
