PODS:
  - DCKit (0.3.0):
    - SnapKit
  - SnapKit (3.0.2)

DEPENDENCIES:
  - DCKit (from `https://bitbucket.org/decodehq/dckit.git`, branch `swift-3.0`)

EXTERNAL SOURCES:
  DCKit:
    :branch: swift-3.0
    :git: https://bitbucket.org/decodehq/dckit.git

CHECKOUT OPTIONS:
  DCKit:
    :commit: 7213bc7dc953b4a3c108320ce0dd9ea82942582f
    :git: https://bitbucket.org/decodehq/dckit.git

SPEC CHECKSUMS:
  DCKit: 19050fd64bc194e9fe7ad0685758ef97ec3bca06
  SnapKit: 2e456761aa92d4d4067a7a5594c18769d451a8ad

PODFILE CHECKSUM: 636ed7fda629da21da0aab4527c9790891989c32

COCOAPODS: 1.1.1
